// !$*UTF8*$!
{
	archiveVersion = 1;
	classes = {
	};
	objectVersion = 46;
	objects = {

/* Begin PBXBuildFile section */
		E7252B1415094C9300B0FC9D /* UIKit.framework in Frameworks */ = {isa = PBXBuildFile; fileRef = E7252B1315094C9300B0FC9D /* UIKit.framework */; };
		E7252B1615094C9300B0FC9D /* Foundation.framework in Frameworks */ = {isa = PBXBuildFile; fileRef = E7252B1515094C9300B0FC9D /* Foundation.framework */; };
		E7252B1815094C9300B0FC9D /* CoreGraphics.framework in Frameworks */ = {isa = PBXBuildFile; fileRef = E7252B1715094C9300B0FC9D /* CoreGraphics.framework */; };
		E7252B3A15095BED00B0FC9D /* QuartzCore.framework in Frameworks */ = {isa = PBXBuildFile; fileRef = E7252B3915095BED00B0FC9D /* QuartzCore.framework */; };
		E770CA3D16C899BE00A69978 /* CCFScrollableTab.m in Sources */ = {isa = PBXBuildFile; fileRef = E770CA2D16C899BE00A69978 /* CCFScrollableTab.m */; };
		E770CA3E16C899BE00A69978 /* CCFScrollableTabContentView.m in Sources */ = {isa = PBXBuildFile; fileRef = E770CA3016C899BE00A69978 /* CCFScrollableTabContentView.m */; };
		E770CA3F16C899BE00A69978 /* CCFScrollableTabScrollView.m in Sources */ = {isa = PBXBuildFile; fileRef = E770CA3416C899BE00A69978 /* CCFScrollableTabScrollView.m */; };
		E770CA4016C899BE00A69978 /* CCFScrollableTabStop.m in Sources */ = {isa = PBXBuildFile; fileRef = E770CA3716C899BE00A69978 /* CCFScrollableTabStop.m */; };
		E770CA4116C899BE00A69978 /* CCFScrollableTabView.m in Sources */ = {isa = PBXBuildFile; fileRef = E770CA3A16C899BE00A69978 /* CCFScrollableTabView.m */; };
		E770CA5016C899F500A69978 /* CCFAppDelegate.m in Sources */ = {isa = PBXBuildFile; fileRef = E770CA4416C899F500A69978 /* CCFAppDelegate.m */; };
		E770CA5116C899F500A69978 /* CCFScrollingTabBar-Info.plist in Resources */ = {isa = PBXBuildFile; fileRef = E770CA4516C899F500A69978 /* CCFScrollingTabBar-Info.plist */; };
		E770CA5416C899F500A69978 /* CCFViewController.m in Sources */ = {isa = PBXBuildFile; fileRef = E770CA4B16C899F500A69978 /* CCFViewController.m */; };
		E770CA5516C899F500A69978 /* CCFViewController.xib in Resources */ = {isa = PBXBuildFile; fileRef = E770CA4C16C899F500A69978 /* CCFViewController.xib */; };
		E770CA5616C899F500A69978 /* InfoPlist.strings in Resources */ = {isa = PBXBuildFile; fileRef = E770CA4E16C899F500A69978 /* InfoPlist.strings */; };
		E770CA5716C899F500A69978 /* main.m in Sources */ = {isa = PBXBuildFile; fileRef = E770CA4F16C899F500A69978 /* main.m */; };
		E770CA5916C89B9E00A69978 /* CCFScrollingTabBar.podspec in Resources */ = {isa = PBXBuildFile; fileRef = E770CA5816C89B9E00A69978 /* CCFScrollingTabBar.podspec */; };
		E770CA5B16C8FCCD00A69978 /* LICENSE in Resources */ = {isa = PBXBuildFile; fileRef = E770CA5A16C8FCCD00A69978 /* LICENSE */; };
/* End PBXBuildFile section */

/* Begin PBXFileReference section */
		E7252B0F15094C9300B0FC9D /* Scrolling Tab Bar Demo.app */ = {isa = PBXFileReference; explicitFileType = wrapper.application; includeInIndex = 0; path = "Scrolling Tab Bar Demo.app"; sourceTree = BUILT_PRODUCTS_DIR; };
		E7252B1315094C9300B0FC9D /* UIKit.framework */ = {isa = PBXFileReference; lastKnownFileType = wrapper.framework; name = UIKit.framework; path = System/Library/Frameworks/UIKit.framework; sourceTree = SDKROOT; };
		E7252B1515094C9300B0FC9D /* Foundation.framework */ = {isa = PBXFileReference; lastKnownFileType = wrapper.framework; name = Foundation.framework; path = System/Library/Frameworks/Foundation.framework; sourceTree = SDKROOT; };
		E7252B1715094C9300B0FC9D /* CoreGraphics.framework */ = {isa = PBXFileReference; lastKnownFileType = wrapper.framework; name = CoreGraphics.framework; path = System/Library/Frameworks/CoreGraphics.framework; sourceTree = SDKROOT; };
		E7252B3915095BED00B0FC9D /* QuartzCore.framework */ = {isa = PBXFileReference; lastKnownFileType = wrapper.framework; name = QuartzCore.framework; path = System/Library/Frameworks/QuartzCore.framework; sourceTree = SDKROOT; };
		E770CA2C16C899BE00A69978 /* CCFScrollableTab.h */ = {isa = PBXFileReference; fileEncoding = 4; lastKnownFileType = sourcecode.c.h; name = CCFScrollableTab.h; path = source/CCFScrollableTab.h; sourceTree = "<group>"; };
		E770CA2D16C899BE00A69978 /* CCFScrollableTab.m */ = {isa = PBXFileReference; fileEncoding = 4; lastKnownFileType = sourcecode.c.objc; name = CCFScrollableTab.m; path = source/CCFScrollableTab.m; sourceTree = "<group>"; };
		E770CA2E16C899BE00A69978 /* CCFScrollableTabColorKeys.h */ = {isa = PBXFileReference; fileEncoding = 4; lastKnownFileType = sourcecode.c.h; name = CCFScrollableTabColorKeys.h; path = source/CCFScrollableTabColorKeys.h; sourceTree = "<group>"; };
		E770CA2F16C899BE00A69978 /* CCFScrollableTabContentView.h */ = {isa = PBXFileReference; fileEncoding = 4; lastKnownFileType = sourcecode.c.h; name = CCFScrollableTabContentView.h; path = source/CCFScrollableTabContentView.h; sourceTree = "<group>"; };
		E770CA3016C899BE00A69978 /* CCFScrollableTabContentView.m */ = {isa = PBXFileReference; fileEncoding = 4; lastKnownFileType = sourcecode.c.objc; name = CCFScrollableTabContentView.m; path = source/CCFScrollableTabContentView.m; sourceTree = "<group>"; };
		E770CA3116C899BE00A69978 /* CCFScrollableTabContentViewDelegate.h */ = {isa = PBXFileReference; fileEncoding = 4; lastKnownFileType = sourcecode.c.h; name = CCFScrollableTabContentViewDelegate.h; path = source/CCFScrollableTabContentViewDelegate.h; sourceTree = "<group>"; };
		E770CA3216C899BE00A69978 /* CCFScrollableTabDelegate.h */ = {isa = PBXFileReference; fileEncoding = 4; lastKnownFileType = sourcecode.c.h; name = CCFScrollableTabDelegate.h; path = source/CCFScrollableTabDelegate.h; sourceTree = "<group>"; };
		E770CA3316C899BE00A69978 /* CCFScrollableTabScrollView.h */ = {isa = PBXFileReference; fileEncoding = 4; lastKnownFileType = sourcecode.c.h; name = CCFScrollableTabScrollView.h; path = source/CCFScrollableTabScrollView.h; sourceTree = "<group>"; };
		E770CA3416C899BE00A69978 /* CCFScrollableTabScrollView.m */ = {isa = PBXFileReference; fileEncoding = 4; lastKnownFileType = sourcecode.c.objc; name = CCFScrollableTabScrollView.m; path = source/CCFScrollableTabScrollView.m; sourceTree = "<group>"; };
		E770CA3516C899BE00A69978 /* CCFScrollableTabScrollViewDelegate.h */ = {isa = PBXFileReference; fileEncoding = 4; lastKnownFileType = sourcecode.c.h; name = CCFScrollableTabScrollViewDelegate.h; path = source/CCFScrollableTabScrollViewDelegate.h; sourceTree = "<group>"; };
		E770CA3616C899BE00A69978 /* CCFScrollableTabStop.h */ = {isa = PBXFileReference; fileEncoding = 4; lastKnownFileType = sourcecode.c.h; name = CCFScrollableTabStop.h; path = source/CCFScrollableTabStop.h; sourceTree = "<group>"; };
		E770CA3716C899BE00A69978 /* CCFScrollableTabStop.m */ = {isa = PBXFileReference; fileEncoding = 4; lastKnownFileType = sourcecode.c.objc; name = CCFScrollableTabStop.m; path = source/CCFScrollableTabStop.m; sourceTree = "<group>"; };
		E770CA3816C899BE00A69978 /* CCFScrollableTabStopDelegate.h */ = {isa = PBXFileReference; fileEncoding = 4; lastKnownFileType = sourcecode.c.h; name = CCFScrollableTabStopDelegate.h; path = source/CCFScrollableTabStopDelegate.h; sourceTree = "<group>"; };
		E770CA3916C899BE00A69978 /* CCFScrollableTabView.h */ = {isa = PBXFileReference; fileEncoding = 4; lastKnownFileType = sourcecode.c.h; name = CCFScrollableTabView.h; path = source/CCFScrollableTabView.h; sourceTree = "<group>"; };
		E770CA3A16C899BE00A69978 /* CCFScrollableTabView.m */ = {isa = PBXFileReference; fileEncoding = 4; lastKnownFileType = sourcecode.c.objc; name = CCFScrollableTabView.m; path = source/CCFScrollableTabView.m; sourceTree = "<group>"; };
		E770CA3B16C899BE00A69978 /* CCFScrollableTabViewDataSource.h */ = {isa = PBXFileReference; fileEncoding = 4; lastKnownFileType = sourcecode.c.h; name = CCFScrollableTabViewDataSource.h; path = source/CCFScrollableTabViewDataSource.h; sourceTree = "<group>"; };
		E770CA3C16C899BE00A69978 /* CCFScrollableTabViewDelegate.h */ = {isa = PBXFileReference; fileEncoding = 4; lastKnownFileType = sourcecode.c.h; name = CCFScrollableTabViewDelegate.h; path = source/CCFScrollableTabViewDelegate.h; sourceTree = "<group>"; };
		E770CA4316C899F500A69978 /* CCFAppDelegate.h */ = {isa = PBXFileReference; fileEncoding = 4; lastKnownFileType = sourcecode.c.h; path = CCFAppDelegate.h; sourceTree = "<group>"; };
		E770CA4416C899F500A69978 /* CCFAppDelegate.m */ = {isa = PBXFileReference; fileEncoding = 4; lastKnownFileType = sourcecode.c.objc; path = CCFAppDelegate.m; sourceTree = "<group>"; };
		E770CA4516C899F500A69978 /* CCFScrollingTabBar-Info.plist */ = {isa = PBXFileReference; fileEncoding = 4; lastKnownFileType = text.plist.xml; path = "CCFScrollingTabBar-Info.plist"; sourceTree = "<group>"; };
		E770CA4616C899F500A69978 /* CCFScrollingTabBar-Prefix.pch */ = {isa = PBXFileReference; fileEncoding = 4; lastKnownFileType = sourcecode.c.h; path = "CCFScrollingTabBar-Prefix.pch"; sourceTree = "<group>"; };
		E770CA4A16C899F500A69978 /* CCFViewController.h */ = {isa = PBXFileReference; fileEncoding = 4; lastKnownFileType = sourcecode.c.h; path = CCFViewController.h; sourceTree = "<group>"; };
		E770CA4B16C899F500A69978 /* CCFViewController.m */ = {isa = PBXFileReference; fileEncoding = 4; lastKnownFileType = sourcecode.c.objc; path = CCFViewController.m; sourceTree = "<group>"; };
		E770CA4D16C899F500A69978 /* en */ = {isa = PBXFileReference; lastKnownFileType = file.xib; name = en; path = en.lproj/CCFViewController.xib; sourceTree = "<group>"; };
		E770CA4E16C899F500A69978 /* InfoPlist.strings */ = {isa = PBXFileReference; fileEncoding = 4; lastKnownFileType = text.plist.strings; path = InfoPlist.strings; sourceTree = "<group>"; };
		E770CA4F16C899F500A69978 /* main.m */ = {isa = PBXFileReference; fileEncoding = 4; lastKnownFileType = sourcecode.c.objc; path = main.m; sourceTree = "<group>"; };
		E770CA5816C89B9E00A69978 /* CCFScrollingTabBar.podspec */ = {isa = PBXFileReference; fileEncoding = 4; lastKnownFileType = text; path = CCFScrollingTabBar.podspec; sourceTree = "<group>"; xcLanguageSpecificationIdentifier = xcode.lang.ruby; };
		E770CA5A16C8FCCD00A69978 /* LICENSE */ = {isa = PBXFileReference; fileEncoding = 4; lastKnownFileType = text; path = LICENSE; sourceTree = "<group>"; xcLanguageSpecificationIdentifier = xcode.lang.man; };
/* End PBXFileReference section */

/* Begin PBXFrameworksBuildPhase section */
		E7252B0C15094C9300B0FC9D /* Frameworks */ = {
			isa = PBXFrameworksBuildPhase;
			buildActionMask = 2147483647;
			files = (
				E7252B3A15095BED00B0FC9D /* QuartzCore.framework in Frameworks */,
				E7252B1415094C9300B0FC9D /* UIKit.framework in Frameworks */,
				E7252B1615094C9300B0FC9D /* Foundation.framework in Frameworks */,
				E7252B1815094C9300B0FC9D /* CoreGraphics.framework in Frameworks */,
			);
			runOnlyForDeploymentPostprocessing = 0;
		};
/* End PBXFrameworksBuildPhase section */

/* Begin PBXGroup section */
		E7252B0415094C9300B0FC9D = {
			isa = PBXGroup;
			children = (
				E770CA5A16C8FCCD00A69978 /* LICENSE */,
				E770CA5816C89B9E00A69978 /* CCFScrollingTabBar.podspec */,
				E770CA4216C899F500A69978 /* example */,
				E770CA2B16C8997300A69978 /* source */,
				E7252B1215094C9300B0FC9D /* Frameworks */,
				E7252B1015094C9300B0FC9D /* Products */,
			);
			sourceTree = "<group>";
		};
		E7252B1015094C9300B0FC9D /* Products */ = {
			isa = PBXGroup;
			children = (
				E7252B0F15094C9300B0FC9D /* Scrolling Tab Bar Demo.app */,
			);
			name = Products;
			sourceTree = "<group>";
		};
		E7252B1215094C9300B0FC9D /* Frameworks */ = {
			isa = PBXGroup;
			children = (
				E7252B3915095BED00B0FC9D /* QuartzCore.framework */,
				E7252B1315094C9300B0FC9D /* UIKit.framework */,
				E7252B1515094C9300B0FC9D /* Foundation.framework */,
				E7252B1715094C9300B0FC9D /* CoreGraphics.framework */,
			);
			name = Frameworks;
			sourceTree = "<group>";
		};
		E770CA2B16C8997300A69978 /* source */ = {
			isa = PBXGroup;
			children = (
				E770CA2C16C899BE00A69978 /* CCFScrollableTab.h */,
				E770CA2D16C899BE00A69978 /* CCFScrollableTab.m */,
				E770CA2E16C899BE00A69978 /* CCFScrollableTabColorKeys.h */,
				E770CA2F16C899BE00A69978 /* CCFScrollableTabContentView.h */,
				E770CA3016C899BE00A69978 /* CCFScrollableTabContentView.m */,
				E770CA3116C899BE00A69978 /* CCFScrollableTabContentViewDelegate.h */,
				E770CA3216C899BE00A69978 /* CCFScrollableTabDelegate.h */,
				E770CA3316C899BE00A69978 /* CCFScrollableTabScrollView.h */,
				E770CA3416C899BE00A69978 /* CCFScrollableTabScrollView.m */,
				E770CA3516C899BE00A69978 /* CCFScrollableTabScrollViewDelegate.h */,
				E770CA3616C899BE00A69978 /* CCFScrollableTabStop.h */,
				E770CA3716C899BE00A69978 /* CCFScrollableTabStop.m */,
				E770CA3816C899BE00A69978 /* CCFScrollableTabStopDelegate.h */,
				E770CA3916C899BE00A69978 /* CCFScrollableTabView.h */,
				E770CA3A16C899BE00A69978 /* CCFScrollableTabView.m */,
				E770CA3B16C899BE00A69978 /* CCFScrollableTabViewDataSource.h */,
				E770CA3C16C899BE00A69978 /* CCFScrollableTabViewDelegate.h */,
			);
			name = source;
			sourceTree = "<group>";
		};
		E770CA4216C899F500A69978 /* example */ = {
			isa = PBXGroup;
			children = (
				E770CA4316C899F500A69978 /* CCFAppDelegate.h */,
				E770CA4416C899F500A69978 /* CCFAppDelegate.m */,
				E770CA4516C899F500A69978 /* CCFScrollingTabBar-Info.plist */,
				E770CA4616C899F500A69978 /* CCFScrollingTabBar-Prefix.pch */,
				E770CA4A16C899F500A69978 /* CCFViewController.h */,
				E770CA4B16C899F500A69978 /* CCFViewController.m */,
				E770CA4C16C899F500A69978 /* CCFViewController.xib */,
				E770CA4E16C899F500A69978 /* InfoPlist.strings */,
				E770CA4F16C899F500A69978 /* main.m */,
			);
			path = example;
			sourceTree = "<group>";
		};
/* End PBXGroup section */

/* Begin PBXNativeTarget section */
		E7252B0E15094C9300B0FC9D /* Scrolling Tab Bar Demo */ = {
			isa = PBXNativeTarget;
			buildConfigurationList = E7252B2D15094C9300B0FC9D /* Build configuration list for PBXNativeTarget "Scrolling Tab Bar Demo" */;
			buildPhases = (
				E7252B0B15094C9300B0FC9D /* Sources */,
				E7252B0C15094C9300B0FC9D /* Frameworks */,
				E7252B0D15094C9300B0FC9D /* Resources */,
			);
			buildRules = (
			);
			dependencies = (
			);
			name = "Scrolling Tab Bar Demo";
			productName = CCFScrollingTabBar;
			productReference = E7252B0F15094C9300B0FC9D /* Scrolling Tab Bar Demo.app */;
			productType = "com.apple.product-type.application";
		};
/* End PBXNativeTarget section */

/* Begin PBXProject section */
		E7252B0615094C9300B0FC9D /* Project object */ = {
			isa = PBXProject;
			attributes = {
				CLASSPREFIX = CCF;
				LastUpgradeCheck = 0430;
			};
			buildConfigurationList = E7252B0915094C9300B0FC9D /* Build configuration list for PBXProject "CCFScrollingTabBar" */;
			compatibilityVersion = "Xcode 3.2";
			developmentRegion = English;
			hasScannedForEncodings = 0;
			knownRegions = (
				en,
			);
			mainGroup = E7252B0415094C9300B0FC9D;
			productRefGroup = E7252B1015094C9300B0FC9D /* Products */;
			projectDirPath = "";
			projectRoot = "";
			targets = (
				E7252B0E15094C9300B0FC9D /* Scrolling Tab Bar Demo */,
			);
		};
/* End PBXProject section */

/* Begin PBXResourcesBuildPhase section */
		E7252B0D15094C9300B0FC9D /* Resources */ = {
			isa = PBXResourcesBuildPhase;
			buildActionMask = 2147483647;
			files = (
				E770CA5116C899F500A69978 /* CCFScrollingTabBar-Info.plist in Resources */,
				E770CA5516C899F500A69978 /* CCFViewController.xib in Resources */,
				E770CA5616C899F500A69978 /* InfoPlist.strings in Resources */,
				E770CA5916C89B9E00A69978 /* CCFScrollingTabBar.podspec in Resources */,
				E770CA5B16C8FCCD00A69978 /* LICENSE in Resources */,
			);
			runOnlyForDeploymentPostprocessing = 0;
		};
/* End PBXResourcesBuildPhase section */

/* Begin PBXSourcesBuildPhase section */
		E7252B0B15094C9300B0FC9D /* Sources */ = {
			isa = PBXSourcesBuildPhase;
			buildActionMask = 2147483647;
			files = (
				E770CA3D16C899BE00A69978 /* CCFScrollableTab.m in Sources */,
				E770CA3E16C899BE00A69978 /* CCFScrollableTabContentView.m in Sources */,
				E770CA3F16C899BE00A69978 /* CCFScrollableTabScrollView.m in Sources */,
				E770CA4016C899BE00A69978 /* CCFScrollableTabStop.m in Sources */,
				E770CA4116C899BE00A69978 /* CCFScrollableTabView.m in Sources */,
				E770CA5016C899F500A69978 /* CCFAppDelegate.m in Sources */,
				E770CA5416C899F500A69978 /* CCFViewController.m in Sources */,
				E770CA5716C899F500A69978 /* main.m in Sources */,
			);
			runOnlyForDeploymentPostprocessing = 0;
		};
/* End PBXSourcesBuildPhase section */

/* Begin PBXVariantGroup section */
		E770CA4C16C899F500A69978 /* CCFViewController.xib */ = {
			isa = PBXVariantGroup;
			children = (
				E770CA4D16C899F500A69978 /* en */,
			);
			name = CCFViewController.xib;
			sourceTree = "<group>";
		};
/* End PBXVariantGroup section */

/* Begin XCBuildConfiguration section */
		E7252B2B15094C9300B0FC9D /* Debug */ = {
			isa = XCBuildConfiguration;
			buildSettings = {
				ALWAYS_SEARCH_USER_PATHS = NO;
				ARCHS = "$(ARCHS_STANDARD_32_BIT)";
				CLANG_ENABLE_OBJC_ARC = YES;
				"CODE_SIGN_IDENTITY[sdk=iphoneos*]" = "iPhone Developer";
				COPY_PHASE_STRIP = NO;
				GCC_C_LANGUAGE_STANDARD = gnu99;
				GCC_DYNAMIC_NO_PIC = NO;
				GCC_OPTIMIZATION_LEVEL = 0;
				GCC_PREPROCESSOR_DEFINITIONS = (
					"DEBUG=1",
					"$(inherited)",
				);
				GCC_SYMBOLS_PRIVATE_EXTERN = NO;
				GCC_VERSION = com.apple.compilers.llvm.clang.1_0;
				GCC_WARN_ABOUT_RETURN_TYPE = YES;
				GCC_WARN_UNINITIALIZED_AUTOS = YES;
				GCC_WARN_UNUSED_VARIABLE = YES;
				IPHONEOS_DEPLOYMENT_TARGET = 5.1;
				SDKROOT = iphoneos;
			};
			name = Debug;
		};
		E7252B2C15094C9300B0FC9D /* Release */ = {
			isa = XCBuildConfiguration;
			buildSettings = {
				ALWAYS_SEARCH_USER_PATHS = NO;
				ARCHS = "$(ARCHS_STANDARD_32_BIT)";
				CLANG_ENABLE_OBJC_ARC = YES;
				"CODE_SIGN_IDENTITY[sdk=iphoneos*]" = "iPhone Developer";
				COPY_PHASE_STRIP = YES;
				GCC_C_LANGUAGE_STANDARD = gnu99;
				GCC_VERSION = com.apple.compilers.llvm.clang.1_0;
				GCC_WARN_ABOUT_RETURN_TYPE = YES;
				GCC_WARN_UNINITIALIZED_AUTOS = YES;
				GCC_WARN_UNUSED_VARIABLE = YES;
				IPHONEOS_DEPLOYMENT_TARGET = 5.1;
				OTHER_CFLAGS = "-DNS_BLOCK_ASSERTIONS=1";
				SDKROOT = iphoneos;
				VALIDATE_PRODUCT = YES;
			};
			name = Release;
		};
		E7252B2E15094C9300B0FC9D /* Debug */ = {
			isa = XCBuildConfiguration;
			buildSettings = {
				GCC_PRECOMPILE_PREFIX_HEADER = YES;
				GCC_PREFIX_HEADER = "example/CCFScrollingTabBar-Prefix.pch";
				INFOPLIST_FILE = "example/CCFScrollingTabBar-Info.plist";
				PRODUCT_NAME = "$(TARGET_NAME)";
				WRAPPER_EXTENSION = app;
			};
			name = Debug;
		};
		E7252B2F15094C9300B0FC9D /* Release */ = {
			isa = XCBuildConfiguration;
			buildSettings = {
				GCC_PRECOMPILE_PREFIX_HEADER = YES;
				GCC_PREFIX_HEADER = "example/CCFScrollingTabBar-Prefix.pch";
				INFOPLIST_FILE = "example/CCFScrollingTabBar-Info.plist";
				PRODUCT_NAME = "$(TARGET_NAME)";
				WRAPPER_EXTENSION = app;
			};
			name = Release;
		};
/* End XCBuildConfiguration section */

/* Begin XCConfigurationList section */
		E7252B0915094C9300B0FC9D /* Build configuration list for PBXProject "CCFScrollingTabBar" */ = {
			isa = XCConfigurationList;
			buildConfigurations = (
				E7252B2B15094C9300B0FC9D /* Debug */,
				E7252B2C15094C9300B0FC9D /* Release */,
			);
			defaultConfigurationIsVisible = 0;
			defaultConfigurationName = Release;
		};
		E7252B2D15094C9300B0FC9D /* Build configuration list for PBXNativeTarget "Scrolling Tab Bar Demo" */ = {
			isa = XCConfigurationList;
			buildConfigurations = (
				E7252B2E15094C9300B0FC9D /* Debug */,
				E7252B2F15094C9300B0FC9D /* Release */,
			);
			defaultConfigurationIsVisible = 0;
			defaultConfigurationName = Release;
		};
/* End XCConfigurationList section */
	};
	rootObject = E7252B0615094C9300B0FC9D /* Project object */;
}
